github.com/ayopedro/dog v0.0.0-20241013113429-f873cb3c2a1b h1:fOJxigqA/VFDBQcOaR3S6H1W777eIOzj9xBQ5LfPM0o=
github.com/ayopedro/dog v0.0.0-20241013113429-f873cb3c2a1b/go.mod h1:g2rHSheKGvoeCjaAdlY3/rFwsQWtd9SbRRzoFFCzmrg=
github.com/ayopedro/puppy v1.2.0 h1:tgxuD64fp4hP25DloFC7GrFcW8GtKGC6rTU42T4o1yw=
github.com/ayopedro/puppy v1.2.0/go.mod h1:86eL2O+YU/rD8OfKgwFIaVL9oBkqduhJ6U3sIo1SC5s=
golang.org/x/crypto v0.36.0 h1:AnAEvhDddvBdpY+uR+MyHmuZzzNqXSe/GvuDeob5L34=
golang.org/x/crypto v0.36.0/go.mod h1:Y4J0ReaxCR1IMaabaSMugxJES1EpwhBHhv2bDHklZvc=
golang.org/x/exp v0.0.0-20250305212735-054e65f0b394 h1:nDVHiLt8aIbd/VzvPWN6kSOPE7+F/fNFDSXLVYkE/Iw=
golang.org/x/exp v0.0.0-20250305212735-054e65f0b394/go.mod h1:sIifuuw/Yco/y6yb6+bDNfyeQ/MdPUy/hKEMYQV17cM=
